// !$*UTF8*$!
{
	archiveVersion = 1;
	classes = {
	};
	objectVersion = 46;
	objects = {

/* Begin PBXBuildFile section */
		00E356F31AD99517003FC87E /* alexriliBasicTemplateTests.m in Sources */ = {isa = PBXBuildFile; fileRef = 00E356F21AD99517003FC87E /* alexriliBasicTemplateTests.m */; };
		13B07FBC1A68108700A75B9A /* AppDelegate.m in Sources */ = {isa = PBXBuildFile; fileRef = 13B07FB01A68108700A75B9A /* AppDelegate.m */; };
		13B07FBD1A68108700A75B9A /* LaunchScreen.xib in Resources */ = {isa = PBXBuildFile; fileRef = 13B07FB11A68108700A75B9A /* LaunchScreen.xib */; };
		13B07FBF1A68108700A75B9A /* Images.xcassets in Resources */ = {isa = PBXBuildFile; fileRef = 13B07FB51A68108700A75B9A /* Images.xcassets */; };
		13B07FC11A68108700A75B9A /* main.m in Sources */ = {isa = PBXBuildFile; fileRef = 13B07FB71A68108700A75B9A /* main.m */; };
		1797EA8ECB6917DC1BCCFF59 /* libPods-alexriliBasicTemplate.a in Frameworks */ = {isa = PBXBuildFile; fileRef = EC8E4990FB5D7536B0091393 /* libPods-alexriliBasicTemplate.a */; };
		2D02E4BC1E0B4A80006451C7 /* AppDelegate.m in Sources */ = {isa = PBXBuildFile; fileRef = 13B07FB01A68108700A75B9A /* AppDelegate.m */; };
		2D02E4BD1E0B4A84006451C7 /* Images.xcassets in Resources */ = {isa = PBXBuildFile; fileRef = 13B07FB51A68108700A75B9A /* Images.xcassets */; };
		2D02E4BF1E0B4AB3006451C7 /* main.m in Sources */ = {isa = PBXBuildFile; fileRef = 13B07FB71A68108700A75B9A /* main.m */; };
		2DCD954D1E0B4F2C00145EB5 /* alexriliBasicTemplateTests.m in Sources */ = {isa = PBXBuildFile; fileRef = 00E356F21AD99517003FC87E /* alexriliBasicTemplateTests.m */; };
		54927FDAB0E248BCB2085CE2 /* AntDesign.ttf in Resources */ = {isa = PBXBuildFile; fileRef = 66600968E3F54D1F83BFD8C4 /* AntDesign.ttf */; };
		73736F235A9A479F9C882365 /* FontAwesome5_Solid.ttf in Resources */ = {isa = PBXBuildFile; fileRef = 9784AA811D8E4A0D910C8505 /* FontAwesome5_Solid.ttf */; };
		79F87E54FBD84028B8D0D26A /* Feather.ttf in Resources */ = {isa = PBXBuildFile; fileRef = 5B95224B0E9940A884100E8A /* Feather.ttf */; };
		7BD4B7DDFC8141A48CBCADCD /* FontAwesome5_Brands.ttf in Resources */ = {isa = PBXBuildFile; fileRef = 9E39892AF3884A8DACB95F03 /* FontAwesome5_Brands.ttf */; };
		8767C93D8D7B40109A51AC16 /* FontAwesome5_Regular.ttf in Resources */ = {isa = PBXBuildFile; fileRef = 09B95CCCE3C744568F4961C5 /* FontAwesome5_Regular.ttf */; };
		8C19E8F1B6A94DBF8D2D5AEE /* Entypo.ttf in Resources */ = {isa = PBXBuildFile; fileRef = 4A0EA9DDB37B402D8E9C6219 /* Entypo.ttf */; };
		8C908C9E6BE646B498D9332C /* Zocial.ttf in Resources */ = {isa = PBXBuildFile; fileRef = D60ED2B55EAD4668BFFDE9B7 /* Zocial.ttf */; };
		8D9A833DEA6B4423BA6E5DD9 /* MaterialIcons.ttf in Resources */ = {isa = PBXBuildFile; fileRef = 79024B9D60B94FE0B29A9776 /* MaterialIcons.ttf */; };
		8EC63A6E8F314A81B738F3E2 /* EvilIcons.ttf in Resources */ = {isa = PBXBuildFile; fileRef = 3F578D95DC9948DABDBB9A93 /* EvilIcons.ttf */; };
		94504516B45342249626035C /* MaterialCommunityIcons.ttf in Resources */ = {isa = PBXBuildFile; fileRef = BF4472666A0E48788E7E59F8 /* MaterialCommunityIcons.ttf */; };
		94872FDD90DD4655923BD273 /* SimpleLineIcons.ttf in Resources */ = {isa = PBXBuildFile; fileRef = DD4B14A6858F487398C982E2 /* SimpleLineIcons.ttf */; };
		9820071AB5F840FFA51DE9EE /* Fontisto.ttf in Resources */ = {isa = PBXBuildFile; fileRef = FA82A72F85604934B9CA4CBC /* Fontisto.ttf */; };
		985CFBA29436885B89D07B91 /* libPods-alexriliBasicTemplateTests.a in Frameworks */ = {isa = PBXBuildFile; fileRef = C4EAC24933D3FF2C44E69197 /* libPods-alexriliBasicTemplateTests.a */; };
		AFE3DCC626C54F7EBAA967FE /* Ionicons.ttf in Resources */ = {isa = PBXBuildFile; fileRef = 1FE8423E179E40F59D4F59C8 /* Ionicons.ttf */; };
		C8956C9B5A4B49B5BBA2AD05 /* Octicons.ttf in Resources */ = {isa = PBXBuildFile; fileRef = C7F9714B6A934CBB9582D82B /* Octicons.ttf */; };
		D93D9C3E80D4487188B563E9 /* FontAwesome.ttf in Resources */ = {isa = PBXBuildFile; fileRef = 1A5ABA4B89874D6DBCA214AA /* FontAwesome.ttf */; };
		DC85490DAF7731A06235BC5E /* libPods-alexriliBasicTemplate-tvOSTests.a in Frameworks */ = {isa = PBXBuildFile; fileRef = 42421E55B425BC1043DA57C1 /* libPods-alexriliBasicTemplate-tvOSTests.a */; };
		E876E700666C474CB310FF77 /* Foundation.ttf in Resources */ = {isa = PBXBuildFile; fileRef = 85E769D7396745248986A160 /* Foundation.ttf */; };
		F7FEC136482F98CA9D08DF38 /* libPods-alexriliBasicTemplate-tvOS.a in Frameworks */ = {isa = PBXBuildFile; fileRef = 64EFE4E83004E3107F3AF921 /* libPods-alexriliBasicTemplate-tvOS.a */; };
/* End PBXBuildFile section */

/* Begin PBXContainerItemProxy section */
		00E356F41AD99517003FC87E /* PBXContainerItemProxy */ = {
			isa = PBXContainerItemProxy;
			containerPortal = 83CBB9F71A601CBA00E9B192 /* Project object */;
			proxyType = 1;
			remoteGlobalIDString = 13B07F861A680F5B00A75B9A;
			remoteInfo = alexriliBasicTemplate;
		};
		2D02E4911E0B4A5D006451C7 /* PBXContainerItemProxy */ = {
			isa = PBXContainerItemProxy;
			containerPortal = 83CBB9F71A601CBA00E9B192 /* Project object */;
			proxyType = 1;
			remoteGlobalIDString = 2D02E47A1E0B4A5D006451C7;
			remoteInfo = "alexriliBasicTemplate-tvOS";
		};
/* End PBXContainerItemProxy section */

/* Begin PBXFileReference section */
		008F07F21AC5B25A0029DE68 /* main.jsbundle */ = {isa = PBXFileReference; fileEncoding = 4; lastKnownFileType = text; path = main.jsbundle; sourceTree = "<group>"; };
		00E356EE1AD99517003FC87E /* alexriliBasicTemplateTests.xctest */ = {isa = PBXFileReference; explicitFileType = wrapper.cfbundle; includeInIndex = 0; path = alexriliBasicTemplateTests.xctest; sourceTree = BUILT_PRODUCTS_DIR; };
		00E356F11AD99517003FC87E /* Info.plist */ = {isa = PBXFileReference; lastKnownFileType = text.plist.xml; path = Info.plist; sourceTree = "<group>"; };
		00E356F21AD99517003FC87E /* alexriliBasicTemplateTests.m */ = {isa = PBXFileReference; lastKnownFileType = sourcecode.c.objc; path = alexriliBasicTemplateTests.m; sourceTree = "<group>"; };
		09B95CCCE3C744568F4961C5 /* FontAwesome5_Regular.ttf */ = {isa = PBXFileReference; explicitFileType = undefined; fileEncoding = undefined; includeInIndex = 0; lastKnownFileType = unknown; name = FontAwesome5_Regular.ttf; path = "../node_modules/react-native-vector-icons/Fonts/FontAwesome5_Regular.ttf"; sourceTree = "<group>"; };
		13B07F961A680F5B00A75B9A /* alexriliBasicTemplate.app */ = {isa = PBXFileReference; explicitFileType = wrapper.application; includeInIndex = 0; path = alexriliBasicTemplate.app; sourceTree = BUILT_PRODUCTS_DIR; };
		13B07FAF1A68108700A75B9A /* AppDelegate.h */ = {isa = PBXFileReference; fileEncoding = 4; lastKnownFileType = sourcecode.c.h; name = AppDelegate.h; path = alexriliBasicTemplate/AppDelegate.h; sourceTree = "<group>"; };
		13B07FB01A68108700A75B9A /* AppDelegate.m */ = {isa = PBXFileReference; fileEncoding = 4; lastKnownFileType = sourcecode.c.objc; name = AppDelegate.m; path = alexriliBasicTemplate/AppDelegate.m; sourceTree = "<group>"; };
		13B07FB21A68108700A75B9A /* Base */ = {isa = PBXFileReference; lastKnownFileType = file.xib; name = Base; path = Base.lproj/LaunchScreen.xib; sourceTree = "<group>"; };
		13B07FB51A68108700A75B9A /* Images.xcassets */ = {isa = PBXFileReference; lastKnownFileType = folder.assetcatalog; name = Images.xcassets; path = alexriliBasicTemplate/Images.xcassets; sourceTree = "<group>"; };
		13B07FB61A68108700A75B9A /* Info.plist */ = {isa = PBXFileReference; fileEncoding = 4; lastKnownFileType = text.plist.xml; name = Info.plist; path = alexriliBasicTemplate/Info.plist; sourceTree = "<group>"; };
		13B07FB71A68108700A75B9A /* main.m */ = {isa = PBXFileReference; fileEncoding = 4; lastKnownFileType = sourcecode.c.objc; name = main.m; path = alexriliBasicTemplate/main.m; sourceTree = "<group>"; };
		1699D632DB8A7068E0E09746 /* Pods-alexriliBasicTemplate.release.xcconfig */ = {isa = PBXFileReference; includeInIndex = 1; lastKnownFileType = text.xcconfig; name = "Pods-alexriliBasicTemplate.release.xcconfig"; path = "Target Support Files/Pods-alexriliBasicTemplate/Pods-alexriliBasicTemplate.release.xcconfig"; sourceTree = "<group>"; };
		18E79A2E1757151DAF637363 /* Pods-alexriliBasicTemplate-tvOS.debug.xcconfig */ = {isa = PBXFileReference; includeInIndex = 1; lastKnownFileType = text.xcconfig; name = "Pods-alexriliBasicTemplate-tvOS.debug.xcconfig"; path = "Target Support Files/Pods-alexriliBasicTemplate-tvOS/Pods-alexriliBasicTemplate-tvOS.debug.xcconfig"; sourceTree = "<group>"; };
		1A5ABA4B89874D6DBCA214AA /* FontAwesome.ttf */ = {isa = PBXFileReference; explicitFileType = undefined; fileEncoding = undefined; includeInIndex = 0; lastKnownFileType = unknown; name = FontAwesome.ttf; path = "../node_modules/react-native-vector-icons/Fonts/FontAwesome.ttf"; sourceTree = "<group>"; };
		1FE8423E179E40F59D4F59C8 /* Ionicons.ttf */ = {isa = PBXFileReference; explicitFileType = undefined; fileEncoding = undefined; includeInIndex = 0; lastKnownFileType = unknown; name = Ionicons.ttf; path = "../node_modules/react-native-vector-icons/Fonts/Ionicons.ttf"; sourceTree = "<group>"; };
		26392C0DF0D8771F51BEB60C /* Pods-alexriliBasicTemplate-tvOS.release.xcconfig */ = {isa = PBXFileReference; includeInIndex = 1; lastKnownFileType = text.xcconfig; name = "Pods-alexriliBasicTemplate-tvOS.release.xcconfig"; path = "Target Support Files/Pods-alexriliBasicTemplate-tvOS/Pods-alexriliBasicTemplate-tvOS.release.xcconfig"; sourceTree = "<group>"; };
		2D02E47B1E0B4A5D006451C7 /* alexriliBasicTemplate-tvOS.app */ = {isa = PBXFileReference; explicitFileType = wrapper.application; includeInIndex = 0; path = "alexriliBasicTemplate-tvOS.app"; sourceTree = BUILT_PRODUCTS_DIR; };
		2D02E4901E0B4A5D006451C7 /* alexriliBasicTemplate-tvOSTests.xctest */ = {isa = PBXFileReference; explicitFileType = wrapper.cfbundle; includeInIndex = 0; path = "alexriliBasicTemplate-tvOSTests.xctest"; sourceTree = BUILT_PRODUCTS_DIR; };
		3F578D95DC9948DABDBB9A93 /* EvilIcons.ttf */ = {isa = PBXFileReference; explicitFileType = undefined; fileEncoding = undefined; includeInIndex = 0; lastKnownFileType = unknown; name = EvilIcons.ttf; path = "../node_modules/react-native-vector-icons/Fonts/EvilIcons.ttf"; sourceTree = "<group>"; };
		42421E55B425BC1043DA57C1 /* libPods-alexriliBasicTemplate-tvOSTests.a */ = {isa = PBXFileReference; explicitFileType = archive.ar; includeInIndex = 0; path = "libPods-alexriliBasicTemplate-tvOSTests.a"; sourceTree = BUILT_PRODUCTS_DIR; };
		4A0EA9DDB37B402D8E9C6219 /* Entypo.ttf */ = {isa = PBXFileReference; explicitFileType = undefined; fileEncoding = undefined; includeInIndex = 0; lastKnownFileType = unknown; name = Entypo.ttf; path = "../node_modules/react-native-vector-icons/Fonts/Entypo.ttf"; sourceTree = "<group>"; };
		5B95224B0E9940A884100E8A /* Feather.ttf */ = {isa = PBXFileReference; explicitFileType = undefined; fileEncoding = undefined; includeInIndex = 0; lastKnownFileType = unknown; name = Feather.ttf; path = "../node_modules/react-native-vector-icons/Fonts/Feather.ttf"; sourceTree = "<group>"; };
		64EFE4E83004E3107F3AF921 /* libPods-alexriliBasicTemplate-tvOS.a */ = {isa = PBXFileReference; explicitFileType = archive.ar; includeInIndex = 0; path = "libPods-alexriliBasicTemplate-tvOS.a"; sourceTree = BUILT_PRODUCTS_DIR; };
		66600968E3F54D1F83BFD8C4 /* AntDesign.ttf */ = {isa = PBXFileReference; explicitFileType = undefined; fileEncoding = undefined; includeInIndex = 0; lastKnownFileType = unknown; name = AntDesign.ttf; path = "../node_modules/react-native-vector-icons/Fonts/AntDesign.ttf"; sourceTree = "<group>"; };
		79024B9D60B94FE0B29A9776 /* MaterialIcons.ttf */ = {isa = PBXFileReference; explicitFileType = undefined; fileEncoding = undefined; includeInIndex = 0; lastKnownFileType = unknown; name = MaterialIcons.ttf; path = "../node_modules/react-native-vector-icons/Fonts/MaterialIcons.ttf"; sourceTree = "<group>"; };
		82583CF5AD49A3D873E2F208 /* Pods-alexriliBasicTemplateTests.release.xcconfig */ = {isa = PBXFileReference; includeInIndex = 1; lastKnownFileType = text.xcconfig; name = "Pods-alexriliBasicTemplateTests.release.xcconfig"; path = "Target Support Files/Pods-alexriliBasicTemplateTests/Pods-alexriliBasicTemplateTests.release.xcconfig"; sourceTree = "<group>"; };
		85E769D7396745248986A160 /* Foundation.ttf */ = {isa = PBXFileReference; explicitFileType = undefined; fileEncoding = undefined; includeInIndex = 0; lastKnownFileType = unknown; name = Foundation.ttf; path = "../node_modules/react-native-vector-icons/Fonts/Foundation.ttf"; sourceTree = "<group>"; };
		879B095EBC061F71CD70280D /* Pods-alexriliBasicTemplate-tvOSTests.debug.xcconfig */ = {isa = PBXFileReference; includeInIndex = 1; lastKnownFileType = text.xcconfig; name = "Pods-alexriliBasicTemplate-tvOSTests.debug.xcconfig"; path = "Target Support Files/Pods-alexriliBasicTemplate-tvOSTests/Pods-alexriliBasicTemplate-tvOSTests.debug.xcconfig"; sourceTree = "<group>"; };
		9784AA811D8E4A0D910C8505 /* FontAwesome5_Solid.ttf */ = {isa = PBXFileReference; explicitFileType = undefined; fileEncoding = undefined; includeInIndex = 0; lastKnownFileType = unknown; name = FontAwesome5_Solid.ttf; path = "../node_modules/react-native-vector-icons/Fonts/FontAwesome5_Solid.ttf"; sourceTree = "<group>"; };
		9E39892AF3884A8DACB95F03 /* FontAwesome5_Brands.ttf */ = {isa = PBXFileReference; explicitFileType = undefined; fileEncoding = undefined; includeInIndex = 0; lastKnownFileType = unknown; name = FontAwesome5_Brands.ttf; path = "../node_modules/react-native-vector-icons/Fonts/FontAwesome5_Brands.ttf"; sourceTree = "<group>"; };
		B95B8102F6818DB33CB60F97 /* Pods-alexriliBasicTemplate-tvOSTests.release.xcconfig */ = {isa = PBXFileReference; includeInIndex = 1; lastKnownFileType = text.xcconfig; name = "Pods-alexriliBasicTemplate-tvOSTests.release.xcconfig"; path = "Target Support Files/Pods-alexriliBasicTemplate-tvOSTests/Pods-alexriliBasicTemplate-tvOSTests.release.xcconfig"; sourceTree = "<group>"; };
		BF4472666A0E48788E7E59F8 /* MaterialCommunityIcons.ttf */ = {isa = PBXFileReference; explicitFileType = undefined; fileEncoding = undefined; includeInIndex = 0; lastKnownFileType = unknown; name = MaterialCommunityIcons.ttf; path = "../node_modules/react-native-vector-icons/Fonts/MaterialCommunityIcons.ttf"; sourceTree = "<group>"; };
		BF9EE05C4731B9800DAB4781 /* Pods-alexriliBasicTemplateTests.debug.xcconfig */ = {isa = PBXFileReference; includeInIndex = 1; lastKnownFileType = text.xcconfig; name = "Pods-alexriliBasicTemplateTests.debug.xcconfig"; path = "Target Support Files/Pods-alexriliBasicTemplateTests/Pods-alexriliBasicTemplateTests.debug.xcconfig"; sourceTree = "<group>"; };
		C4EAC24933D3FF2C44E69197 /* libPods-alexriliBasicTemplateTests.a */ = {isa = PBXFileReference; explicitFileType = archive.ar; includeInIndex = 0; path = "libPods-alexriliBasicTemplateTests.a"; sourceTree = BUILT_PRODUCTS_DIR; };
		C7F9714B6A934CBB9582D82B /* Octicons.ttf */ = {isa = PBXFileReference; explicitFileType = undefined; fileEncoding = undefined; includeInIndex = 0; lastKnownFileType = unknown; name = Octicons.ttf; path = "../node_modules/react-native-vector-icons/Fonts/Octicons.ttf"; sourceTree = "<group>"; };
		CD25A3214F67664480F0712C /* Pods-alexriliBasicTemplate.debug.xcconfig */ = {isa = PBXFileReference; includeInIndex = 1; lastKnownFileType = text.xcconfig; name = "Pods-alexriliBasicTemplate.debug.xcconfig"; path = "Target Support Files/Pods-alexriliBasicTemplate/Pods-alexriliBasicTemplate.debug.xcconfig"; sourceTree = "<group>"; };
		D60ED2B55EAD4668BFFDE9B7 /* Zocial.ttf */ = {isa = PBXFileReference; explicitFileType = undefined; fileEncoding = undefined; includeInIndex = 0; lastKnownFileType = unknown; name = Zocial.ttf; path = "../node_modules/react-native-vector-icons/Fonts/Zocial.ttf"; sourceTree = "<group>"; };
		DD4B14A6858F487398C982E2 /* SimpleLineIcons.ttf */ = {isa = PBXFileReference; explicitFileType = undefined; fileEncoding = undefined; includeInIndex = 0; lastKnownFileType = unknown; name = SimpleLineIcons.ttf; path = "../node_modules/react-native-vector-icons/Fonts/SimpleLineIcons.ttf"; sourceTree = "<group>"; };
		EC8E4990FB5D7536B0091393 /* libPods-alexriliBasicTemplate.a */ = {isa = PBXFileReference; explicitFileType = archive.ar; includeInIndex = 0; path = "libPods-alexriliBasicTemplate.a"; sourceTree = BUILT_PRODUCTS_DIR; };
		ED297162215061F000B7C4FE /* JavaScriptCore.framework */ = {isa = PBXFileReference; lastKnownFileType = wrapper.framework; name = JavaScriptCore.framework; path = System/Library/Frameworks/JavaScriptCore.framework; sourceTree = SDKROOT; };
		ED2971642150620600B7C4FE /* JavaScriptCore.framework */ = {isa = PBXFileReference; lastKnownFileType = wrapper.framework; name = JavaScriptCore.framework; path = Platforms/AppleTVOS.platform/Developer/SDKs/AppleTVOS12.0.sdk/System/Library/Frameworks/JavaScriptCore.framework; sourceTree = DEVELOPER_DIR; };
		FA82A72F85604934B9CA4CBC /* Fontisto.ttf */ = {isa = PBXFileReference; explicitFileType = undefined; fileEncoding = undefined; includeInIndex = 0; lastKnownFileType = unknown; name = Fontisto.ttf; path = "../node_modules/react-native-vector-icons/Fonts/Fontisto.ttf"; sourceTree = "<group>"; };
/* End PBXFileReference section */

/* Begin PBXFrameworksBuildPhase section */
		00E356EB1AD99517003FC87E /* Frameworks */ = {
			isa = PBXFrameworksBuildPhase;
			buildActionMask = 2147483647;
			files = (
				985CFBA29436885B89D07B91 /* libPods-alexriliBasicTemplateTests.a in Frameworks */,
			);
			runOnlyForDeploymentPostprocessing = 0;
		};
		13B07F8C1A680F5B00A75B9A /* Frameworks */ = {
			isa = PBXFrameworksBuildPhase;
			buildActionMask = 2147483647;
			files = (
				1797EA8ECB6917DC1BCCFF59 /* libPods-alexriliBasicTemplate.a in Frameworks */,
			);
			runOnlyForDeploymentPostprocessing = 0;
		};
		2D02E4781E0B4A5D006451C7 /* Frameworks */ = {
			isa = PBXFrameworksBuildPhase;
			buildActionMask = 2147483647;
			files = (
				F7FEC136482F98CA9D08DF38 /* libPods-alexriliBasicTemplate-tvOS.a in Frameworks */,
			);
			runOnlyForDeploymentPostprocessing = 0;
		};
		2D02E48D1E0B4A5D006451C7 /* Frameworks */ = {
			isa = PBXFrameworksBuildPhase;
			buildActionMask = 2147483647;
			files = (
				DC85490DAF7731A06235BC5E /* libPods-alexriliBasicTemplate-tvOSTests.a in Frameworks */,
			);
			runOnlyForDeploymentPostprocessing = 0;
		};
/* End PBXFrameworksBuildPhase section */

/* Begin PBXGroup section */
		00E356EF1AD99517003FC87E /* alexriliBasicTemplateTests */ = {
			isa = PBXGroup;
			children = (
				00E356F21AD99517003FC87E /* alexriliBasicTemplateTests.m */,
				00E356F01AD99517003FC87E /* Supporting Files */,
			);
			path = alexriliBasicTemplateTests;
			sourceTree = "<group>";
		};
		00E356F01AD99517003FC87E /* Supporting Files */ = {
			isa = PBXGroup;
			children = (
				00E356F11AD99517003FC87E /* Info.plist */,
			);
			name = "Supporting Files";
			sourceTree = "<group>";
		};
		13B07FAE1A68108700A75B9A /* alexriliBasicTemplate */ = {
			isa = PBXGroup;
			children = (
				008F07F21AC5B25A0029DE68 /* main.jsbundle */,
				13B07FAF1A68108700A75B9A /* AppDelegate.h */,
				13B07FB01A68108700A75B9A /* AppDelegate.m */,
				13B07FB51A68108700A75B9A /* Images.xcassets */,
				13B07FB61A68108700A75B9A /* Info.plist */,
				13B07FB11A68108700A75B9A /* LaunchScreen.xib */,
				13B07FB71A68108700A75B9A /* main.m */,
			);
			name = alexriliBasicTemplate;
			sourceTree = "<group>";
		};
		2D16E6871FA4F8E400B85C8A /* Frameworks */ = {
			isa = PBXGroup;
			children = (
				ED297162215061F000B7C4FE /* JavaScriptCore.framework */,
				ED2971642150620600B7C4FE /* JavaScriptCore.framework */,
				EC8E4990FB5D7536B0091393 /* libPods-alexriliBasicTemplate.a */,
				64EFE4E83004E3107F3AF921 /* libPods-alexriliBasicTemplate-tvOS.a */,
				42421E55B425BC1043DA57C1 /* libPods-alexriliBasicTemplate-tvOSTests.a */,
				C4EAC24933D3FF2C44E69197 /* libPods-alexriliBasicTemplateTests.a */,
			);
			name = Frameworks;
			sourceTree = "<group>";
		};
		52111822614A4ABDBDDF8953 /* Resources */ = {
			isa = PBXGroup;
			children = (
				66600968E3F54D1F83BFD8C4 /* AntDesign.ttf */,
				4A0EA9DDB37B402D8E9C6219 /* Entypo.ttf */,
				3F578D95DC9948DABDBB9A93 /* EvilIcons.ttf */,
				5B95224B0E9940A884100E8A /* Feather.ttf */,
				1A5ABA4B89874D6DBCA214AA /* FontAwesome.ttf */,
				9E39892AF3884A8DACB95F03 /* FontAwesome5_Brands.ttf */,
				09B95CCCE3C744568F4961C5 /* FontAwesome5_Regular.ttf */,
				9784AA811D8E4A0D910C8505 /* FontAwesome5_Solid.ttf */,
				FA82A72F85604934B9CA4CBC /* Fontisto.ttf */,
				85E769D7396745248986A160 /* Foundation.ttf */,
				1FE8423E179E40F59D4F59C8 /* Ionicons.ttf */,
				BF4472666A0E48788E7E59F8 /* MaterialCommunityIcons.ttf */,
				79024B9D60B94FE0B29A9776 /* MaterialIcons.ttf */,
				C7F9714B6A934CBB9582D82B /* Octicons.ttf */,
				DD4B14A6858F487398C982E2 /* SimpleLineIcons.ttf */,
				D60ED2B55EAD4668BFFDE9B7 /* Zocial.ttf */,
			);
			name = Resources;
			path = "";
			sourceTree = "<group>";
		};
		57099F488F10A600887DC0B2 /* Pods */ = {
			isa = PBXGroup;
			children = (
				CD25A3214F67664480F0712C /* Pods-alexriliBasicTemplate.debug.xcconfig */,
				1699D632DB8A7068E0E09746 /* Pods-alexriliBasicTemplate.release.xcconfig */,
				18E79A2E1757151DAF637363 /* Pods-alexriliBasicTemplate-tvOS.debug.xcconfig */,
				26392C0DF0D8771F51BEB60C /* Pods-alexriliBasicTemplate-tvOS.release.xcconfig */,
				879B095EBC061F71CD70280D /* Pods-alexriliBasicTemplate-tvOSTests.debug.xcconfig */,
				B95B8102F6818DB33CB60F97 /* Pods-alexriliBasicTemplate-tvOSTests.release.xcconfig */,
				BF9EE05C4731B9800DAB4781 /* Pods-alexriliBasicTemplateTests.debug.xcconfig */,
				82583CF5AD49A3D873E2F208 /* Pods-alexriliBasicTemplateTests.release.xcconfig */,
			);
			name = Pods;
			path = Pods;
			sourceTree = "<group>";
		};
		832341AE1AAA6A7D00B99B32 /* Libraries */ = {
			isa = PBXGroup;
			children = (
			);
			name = Libraries;
			sourceTree = "<group>";
		};
		83CBB9F61A601CBA00E9B192 = {
			isa = PBXGroup;
			children = (
				13B07FAE1A68108700A75B9A /* alexriliBasicTemplate */,
				832341AE1AAA6A7D00B99B32 /* Libraries */,
				00E356EF1AD99517003FC87E /* alexriliBasicTemplateTests */,
				83CBBA001A601CBA00E9B192 /* Products */,
				2D16E6871FA4F8E400B85C8A /* Frameworks */,
				52111822614A4ABDBDDF8953 /* Resources */,
				57099F488F10A600887DC0B2 /* Pods */,
			);
			indentWidth = 2;
			sourceTree = "<group>";
			tabWidth = 2;
			usesTabs = 0;
		};
		83CBBA001A601CBA00E9B192 /* Products */ = {
			isa = PBXGroup;
			children = (
				13B07F961A680F5B00A75B9A /* alexriliBasicTemplate.app */,
				00E356EE1AD99517003FC87E /* alexriliBasicTemplateTests.xctest */,
				2D02E47B1E0B4A5D006451C7 /* alexriliBasicTemplate-tvOS.app */,
				2D02E4901E0B4A5D006451C7 /* alexriliBasicTemplate-tvOSTests.xctest */,
			);
			name = Products;
			sourceTree = "<group>";
		};
/* End PBXGroup section */

/* Begin PBXNativeTarget section */
		00E356ED1AD99517003FC87E /* alexriliBasicTemplateTests */ = {
			isa = PBXNativeTarget;
			buildConfigurationList = 00E357021AD99517003FC87E /* Build configuration list for PBXNativeTarget "alexriliBasicTemplateTests" */;
			buildPhases = (
				F275501F37E90EBC895BDAF3 /* [CP] Check Pods Manifest.lock */,
				00E356EA1AD99517003FC87E /* Sources */,
				00E356EB1AD99517003FC87E /* Frameworks */,
				00E356EC1AD99517003FC87E /* Resources */,
			);
			buildRules = (
			);
			dependencies = (
				00E356F51AD99517003FC87E /* PBXTargetDependency */,
			);
			name = alexriliBasicTemplateTests;
			productName = alexriliBasicTemplateTests;
			productReference = 00E356EE1AD99517003FC87E /* alexriliBasicTemplateTests.xctest */;
			productType = "com.apple.product-type.bundle.unit-test";
		};
		13B07F861A680F5B00A75B9A /* alexriliBasicTemplate */ = {
			isa = PBXNativeTarget;
			buildConfigurationList = 13B07F931A680F5B00A75B9A /* Build configuration list for PBXNativeTarget "alexriliBasicTemplate" */;
			buildPhases = (
				DE3C0BE18ED7CA9ED945B4A6 /* [CP] Check Pods Manifest.lock */,
				FD10A7F022414F080027D42C /* Start Packager */,
				13B07F871A680F5B00A75B9A /* Sources */,
				13B07F8C1A680F5B00A75B9A /* Frameworks */,
				13B07F8E1A680F5B00A75B9A /* Resources */,
				00DD1BFF1BD5951E006B06BC /* Bundle React Native code and images */,
				8DD77CC4E40A3E33957C90AF /* [CP] Copy Pods Resources */,
			);
			buildRules = (
			);
			dependencies = (
			);
			name = alexriliBasicTemplate;
			productName = alexriliBasicTemplate;
			productReference = 13B07F961A680F5B00A75B9A /* alexriliBasicTemplate.app */;
			productType = "com.apple.product-type.application";
		};
		2D02E47A1E0B4A5D006451C7 /* alexriliBasicTemplate-tvOS */ = {
			isa = PBXNativeTarget;
			buildConfigurationList = 2D02E4BA1E0B4A5E006451C7 /* Build configuration list for PBXNativeTarget "alexriliBasicTemplate-tvOS" */;
			buildPhases = (
				669ADC03A5E043E439334A3D /* [CP] Check Pods Manifest.lock */,
				FD10A7F122414F3F0027D42C /* Start Packager */,
				2D02E4771E0B4A5D006451C7 /* Sources */,
				2D02E4781E0B4A5D006451C7 /* Frameworks */,
				2D02E4791E0B4A5D006451C7 /* Resources */,
				2D02E4CB1E0B4B27006451C7 /* Bundle React Native Code And Images */,
			);
			buildRules = (
			);
			dependencies = (
			);
			name = "alexriliBasicTemplate-tvOS";
			productName = "alexriliBasicTemplate-tvOS";
			productReference = 2D02E47B1E0B4A5D006451C7 /* alexriliBasicTemplate-tvOS.app */;
			productType = "com.apple.product-type.application";
		};
		2D02E48F1E0B4A5D006451C7 /* alexriliBasicTemplate-tvOSTests */ = {
			isa = PBXNativeTarget;
			buildConfigurationList = 2D02E4BB1E0B4A5E006451C7 /* Build configuration list for PBXNativeTarget "alexriliBasicTemplate-tvOSTests" */;
			buildPhases = (
				0C52F08B613DC7A56141A751 /* [CP] Check Pods Manifest.lock */,
				2D02E48C1E0B4A5D006451C7 /* Sources */,
				2D02E48D1E0B4A5D006451C7 /* Frameworks */,
				2D02E48E1E0B4A5D006451C7 /* Resources */,
			);
			buildRules = (
			);
			dependencies = (
				2D02E4921E0B4A5D006451C7 /* PBXTargetDependency */,
			);
			name = "alexriliBasicTemplate-tvOSTests";
			productName = "alexriliBasicTemplate-tvOSTests";
			productReference = 2D02E4901E0B4A5D006451C7 /* alexriliBasicTemplate-tvOSTests.xctest */;
			productType = "com.apple.product-type.bundle.unit-test";
		};
/* End PBXNativeTarget section */

/* Begin PBXProject section */
		83CBB9F71A601CBA00E9B192 /* Project object */ = {
			isa = PBXProject;
			attributes = {
				LastUpgradeCheck = 940;
				ORGANIZATIONNAME = Facebook;
				TargetAttributes = {
					00E356ED1AD99517003FC87E = {
						CreatedOnToolsVersion = 6.2;
						TestTargetID = 13B07F861A680F5B00A75B9A;
					};
					2D02E47A1E0B4A5D006451C7 = {
						CreatedOnToolsVersion = 8.2.1;
						ProvisioningStyle = Automatic;
					};
					2D02E48F1E0B4A5D006451C7 = {
						CreatedOnToolsVersion = 8.2.1;
						ProvisioningStyle = Automatic;
						TestTargetID = 2D02E47A1E0B4A5D006451C7;
					};
				};
			};
			buildConfigurationList = 83CBB9FA1A601CBA00E9B192 /* Build configuration list for PBXProject "alexriliBasicTemplate" */;
			compatibilityVersion = "Xcode 3.2";
			developmentRegion = English;
			hasScannedForEncodings = 0;
			knownRegions = (
				en,
				Base,
			);
			mainGroup = 83CBB9F61A601CBA00E9B192;
			productRefGroup = 83CBBA001A601CBA00E9B192 /* Products */;
			projectDirPath = "";
			projectRoot = "";
			targets = (
				13B07F861A680F5B00A75B9A /* alexriliBasicTemplate */,
				00E356ED1AD99517003FC87E /* alexriliBasicTemplateTests */,
				2D02E47A1E0B4A5D006451C7 /* alexriliBasicTemplate-tvOS */,
				2D02E48F1E0B4A5D006451C7 /* alexriliBasicTemplate-tvOSTests */,
			);
		};
/* End PBXProject section */

/* Begin PBXResourcesBuildPhase section */
		00E356EC1AD99517003FC87E /* Resources */ = {
			isa = PBXResourcesBuildPhase;
			buildActionMask = 2147483647;
			files = (
			);
			runOnlyForDeploymentPostprocessing = 0;
		};
		13B07F8E1A680F5B00A75B9A /* Resources */ = {
			isa = PBXResourcesBuildPhase;
			buildActionMask = 2147483647;
			files = (
				13B07FBF1A68108700A75B9A /* Images.xcassets in Resources */,
				13B07FBD1A68108700A75B9A /* LaunchScreen.xib in Resources */,
				54927FDAB0E248BCB2085CE2 /* AntDesign.ttf in Resources */,
				8C19E8F1B6A94DBF8D2D5AEE /* Entypo.ttf in Resources */,
				8EC63A6E8F314A81B738F3E2 /* EvilIcons.ttf in Resources */,
				79F87E54FBD84028B8D0D26A /* Feather.ttf in Resources */,
				D93D9C3E80D4487188B563E9 /* FontAwesome.ttf in Resources */,
				7BD4B7DDFC8141A48CBCADCD /* FontAwesome5_Brands.ttf in Resources */,
				8767C93D8D7B40109A51AC16 /* FontAwesome5_Regular.ttf in Resources */,
				73736F235A9A479F9C882365 /* FontAwesome5_Solid.ttf in Resources */,
				9820071AB5F840FFA51DE9EE /* Fontisto.ttf in Resources */,
				E876E700666C474CB310FF77 /* Foundation.ttf in Resources */,
				AFE3DCC626C54F7EBAA967FE /* Ionicons.ttf in Resources */,
				94504516B45342249626035C /* MaterialCommunityIcons.ttf in Resources */,
				8D9A833DEA6B4423BA6E5DD9 /* MaterialIcons.ttf in Resources */,
				C8956C9B5A4B49B5BBA2AD05 /* Octicons.ttf in Resources */,
				94872FDD90DD4655923BD273 /* SimpleLineIcons.ttf in Resources */,
				8C908C9E6BE646B498D9332C /* Zocial.ttf in Resources */,
			);
			runOnlyForDeploymentPostprocessing = 0;
		};
		2D02E4791E0B4A5D006451C7 /* Resources */ = {
			isa = PBXResourcesBuildPhase;
			buildActionMask = 2147483647;
			files = (
				2D02E4BD1E0B4A84006451C7 /* Images.xcassets in Resources */,
			);
			runOnlyForDeploymentPostprocessing = 0;
		};
		2D02E48E1E0B4A5D006451C7 /* Resources */ = {
			isa = PBXResourcesBuildPhase;
			buildActionMask = 2147483647;
			files = (
			);
			runOnlyForDeploymentPostprocessing = 0;
		};
/* End PBXResourcesBuildPhase section */

/* Begin PBXShellScriptBuildPhase section */
		00DD1BFF1BD5951E006B06BC /* Bundle React Native code and images */ = {
			isa = PBXShellScriptBuildPhase;
			buildActionMask = 2147483647;
			files = (
			);
			inputPaths = (
			);
			name = "Bundle React Native code and images";
			outputPaths = (
			);
			runOnlyForDeploymentPostprocessing = 0;
			shellPath = /bin/sh;
			shellScript = "export NODE_BINARY=node\n../node_modules/react-native/scripts/react-native-xcode.sh";
		};
		0C52F08B613DC7A56141A751 /* [CP] Check Pods Manifest.lock */ = {
			isa = PBXShellScriptBuildPhase;
			buildActionMask = 2147483647;
			files = (
			);
			inputFileListPaths = (
			);
			inputPaths = (
				"${PODS_PODFILE_DIR_PATH}/Podfile.lock",
				"${PODS_ROOT}/Manifest.lock",
			);
			name = "[CP] Check Pods Manifest.lock";
			outputFileListPaths = (
			);
			outputPaths = (
				"$(DERIVED_FILE_DIR)/Pods-alexriliBasicTemplate-tvOSTests-checkManifestLockResult.txt",
			);
			runOnlyForDeploymentPostprocessing = 0;
			shellPath = /bin/sh;
			shellScript = "diff \"${PODS_PODFILE_DIR_PATH}/Podfile.lock\" \"${PODS_ROOT}/Manifest.lock\" > /dev/null\nif [ $? != 0 ] ; then\n    # print error to STDERR\n    echo \"error: The sandbox is not in sync with the Podfile.lock. Run 'pod install' or update your CocoaPods installation.\" >&2\n    exit 1\nfi\n# This output is used by Xcode 'outputs' to avoid re-running this script phase.\necho \"SUCCESS\" > \"${SCRIPT_OUTPUT_FILE_0}\"\n";
			showEnvVarsInLog = 0;
		};
		2D02E4CB1E0B4B27006451C7 /* Bundle React Native Code And Images */ = {
			isa = PBXShellScriptBuildPhase;
			buildActionMask = 2147483647;
			files = (
			);
			inputPaths = (
			);
			name = "Bundle React Native Code And Images";
			outputPaths = (
			);
			runOnlyForDeploymentPostprocessing = 0;
			shellPath = /bin/sh;
			shellScript = "export NODE_BINARY=node\n../node_modules/react-native/scripts/react-native-xcode.sh";
		};
		669ADC03A5E043E439334A3D /* [CP] Check Pods Manifest.lock */ = {
			isa = PBXShellScriptBuildPhase;
			buildActionMask = 2147483647;
			files = (
			);
			inputFileListPaths = (
			);
			inputPaths = (
				"${PODS_PODFILE_DIR_PATH}/Podfile.lock",
				"${PODS_ROOT}/Manifest.lock",
			);
			name = "[CP] Check Pods Manifest.lock";
			outputFileListPaths = (
			);
			outputPaths = (
				"$(DERIVED_FILE_DIR)/Pods-alexriliBasicTemplate-tvOS-checkManifestLockResult.txt",
			);
			runOnlyForDeploymentPostprocessing = 0;
			shellPath = /bin/sh;
			shellScript = "diff \"${PODS_PODFILE_DIR_PATH}/Podfile.lock\" \"${PODS_ROOT}/Manifest.lock\" > /dev/null\nif [ $? != 0 ] ; then\n    # print error to STDERR\n    echo \"error: The sandbox is not in sync with the Podfile.lock. Run 'pod install' or update your CocoaPods installation.\" >&2\n    exit 1\nfi\n# This output is used by Xcode 'outputs' to avoid re-running this script phase.\necho \"SUCCESS\" > \"${SCRIPT_OUTPUT_FILE_0}\"\n";
			showEnvVarsInLog = 0;
		};
		8DD77CC4E40A3E33957C90AF /* [CP] Copy Pods Resources */ = {
			isa = PBXShellScriptBuildPhase;
			buildActionMask = 2147483647;
			files = (
			);
			inputPaths = (
				"${PODS_ROOT}/Target Support Files/Pods-alexriliBasicTemplate/Pods-alexriliBasicTemplate-resources.sh",
				"${PODS_ROOT}/../../node_modules/react-native-vector-icons/Fonts/AntDesign.ttf",
				"${PODS_ROOT}/../../node_modules/react-native-vector-icons/Fonts/Entypo.ttf",
				"${PODS_ROOT}/../../node_modules/react-native-vector-icons/Fonts/EvilIcons.ttf",
				"${PODS_ROOT}/../../node_modules/react-native-vector-icons/Fonts/Feather.ttf",
				"${PODS_ROOT}/../../node_modules/react-native-vector-icons/Fonts/FontAwesome.ttf",
				"${PODS_ROOT}/../../node_modules/react-native-vector-icons/Fonts/FontAwesome5_Brands.ttf",
				"${PODS_ROOT}/../../node_modules/react-native-vector-icons/Fonts/FontAwesome5_Regular.ttf",
				"${PODS_ROOT}/../../node_modules/react-native-vector-icons/Fonts/FontAwesome5_Solid.ttf",
				"${PODS_ROOT}/../../node_modules/react-native-vector-icons/Fonts/Fontisto.ttf",
				"${PODS_ROOT}/../../node_modules/react-native-vector-icons/Fonts/Foundation.ttf",
				"${PODS_ROOT}/../../node_modules/react-native-vector-icons/Fonts/Ionicons.ttf",
				"${PODS_ROOT}/../../node_modules/react-native-vector-icons/Fonts/MaterialCommunityIcons.ttf",
				"${PODS_ROOT}/../../node_modules/react-native-vector-icons/Fonts/MaterialIcons.ttf",
				"${PODS_ROOT}/../../node_modules/react-native-vector-icons/Fonts/Octicons.ttf",
				"${PODS_ROOT}/../../node_modules/react-native-vector-icons/Fonts/SimpleLineIcons.ttf",
				"${PODS_ROOT}/../../node_modules/react-native-vector-icons/Fonts/Zocial.ttf",
			);
			name = "[CP] Copy Pods Resources";
			outputPaths = (
				"${TARGET_BUILD_DIR}/${UNLOCALIZED_RESOURCES_FOLDER_PATH}/AntDesign.ttf",
				"${TARGET_BUILD_DIR}/${UNLOCALIZED_RESOURCES_FOLDER_PATH}/Entypo.ttf",
				"${TARGET_BUILD_DIR}/${UNLOCALIZED_RESOURCES_FOLDER_PATH}/EvilIcons.ttf",
				"${TARGET_BUILD_DIR}/${UNLOCALIZED_RESOURCES_FOLDER_PATH}/Feather.ttf",
				"${TARGET_BUILD_DIR}/${UNLOCALIZED_RESOURCES_FOLDER_PATH}/FontAwesome.ttf",
				"${TARGET_BUILD_DIR}/${UNLOCALIZED_RESOURCES_FOLDER_PATH}/FontAwesome5_Brands.ttf",
				"${TARGET_BUILD_DIR}/${UNLOCALIZED_RESOURCES_FOLDER_PATH}/FontAwesome5_Regular.ttf",
				"${TARGET_BUILD_DIR}/${UNLOCALIZED_RESOURCES_FOLDER_PATH}/FontAwesome5_Solid.ttf",
				"${TARGET_BUILD_DIR}/${UNLOCALIZED_RESOURCES_FOLDER_PATH}/Fontisto.ttf",
				"${TARGET_BUILD_DIR}/${UNLOCALIZED_RESOURCES_FOLDER_PATH}/Foundation.ttf",
				"${TARGET_BUILD_DIR}/${UNLOCALIZED_RESOURCES_FOLDER_PATH}/Ionicons.ttf",
				"${TARGET_BUILD_DIR}/${UNLOCALIZED_RESOURCES_FOLDER_PATH}/MaterialCommunityIcons.ttf",
				"${TARGET_BUILD_DIR}/${UNLOCALIZED_RESOURCES_FOLDER_PATH}/MaterialIcons.ttf",
				"${TARGET_BUILD_DIR}/${UNLOCALIZED_RESOURCES_FOLDER_PATH}/Octicons.ttf",
				"${TARGET_BUILD_DIR}/${UNLOCALIZED_RESOURCES_FOLDER_PATH}/SimpleLineIcons.ttf",
				"${TARGET_BUILD_DIR}/${UNLOCALIZED_RESOURCES_FOLDER_PATH}/Zocial.ttf",
			);
			runOnlyForDeploymentPostprocessing = 0;
			shellPath = /bin/sh;
			shellScript = "\"${PODS_ROOT}/Target Support Files/Pods-alexriliBasicTemplate/Pods-alexriliBasicTemplate-resources.sh\"\n";
			showEnvVarsInLog = 0;
		};
		DE3C0BE18ED7CA9ED945B4A6 /* [CP] Check Pods Manifest.lock */ = {
			isa = PBXShellScriptBuildPhase;
			buildActionMask = 2147483647;
			files = (
			);
			inputFileListPaths = (
			);
			inputPaths = (
				"${PODS_PODFILE_DIR_PATH}/Podfile.lock",
				"${PODS_ROOT}/Manifest.lock",
			);
			name = "[CP] Check Pods Manifest.lock";
			outputFileListPaths = (
			);
			outputPaths = (
				"$(DERIVED_FILE_DIR)/Pods-alexriliBasicTemplate-checkManifestLockResult.txt",
			);
			runOnlyForDeploymentPostprocessing = 0;
			shellPath = /bin/sh;
			shellScript = "diff \"${PODS_PODFILE_DIR_PATH}/Podfile.lock\" \"${PODS_ROOT}/Manifest.lock\" > /dev/null\nif [ $? != 0 ] ; then\n    # print error to STDERR\n    echo \"error: The sandbox is not in sync with the Podfile.lock. Run 'pod install' or update your CocoaPods installation.\" >&2\n    exit 1\nfi\n# This output is used by Xcode 'outputs' to avoid re-running this script phase.\necho \"SUCCESS\" > \"${SCRIPT_OUTPUT_FILE_0}\"\n";
			showEnvVarsInLog = 0;
		};
		F275501F37E90EBC895BDAF3 /* [CP] Check Pods Manifest.lock */ = {
			isa = PBXShellScriptBuildPhase;
			buildActionMask = 2147483647;
			files = (
			);
			inputFileListPaths = (
			);
			inputPaths = (
				"${PODS_PODFILE_DIR_PATH}/Podfile.lock",
				"${PODS_ROOT}/Manifest.lock",
			);
			name = "[CP] Check Pods Manifest.lock";
			outputFileListPaths = (
			);
			outputPaths = (
				"$(DERIVED_FILE_DIR)/Pods-alexriliBasicTemplateTests-checkManifestLockResult.txt",
			);
			runOnlyForDeploymentPostprocessing = 0;
			shellPath = /bin/sh;
			shellScript = "diff \"${PODS_PODFILE_DIR_PATH}/Podfile.lock\" \"${PODS_ROOT}/Manifest.lock\" > /dev/null\nif [ $? != 0 ] ; then\n    # print error to STDERR\n    echo \"error: The sandbox is not in sync with the Podfile.lock. Run 'pod install' or update your CocoaPods installation.\" >&2\n    exit 1\nfi\n# This output is used by Xcode 'outputs' to avoid re-running this script phase.\necho \"SUCCESS\" > \"${SCRIPT_OUTPUT_FILE_0}\"\n";
			showEnvVarsInLog = 0;
		};
		FD10A7F022414F080027D42C /* Start Packager */ = {
			isa = PBXShellScriptBuildPhase;
			buildActionMask = 2147483647;
			files = (
			);
			inputFileListPaths = (
			);
			inputPaths = (
			);
			name = "Start Packager";
			outputFileListPaths = (
			);
			outputPaths = (
			);
			runOnlyForDeploymentPostprocessing = 0;
			shellPath = /bin/sh;
			shellScript = "export RCT_METRO_PORT=\"${RCT_METRO_PORT:=8081}\"\necho \"export RCT_METRO_PORT=${RCT_METRO_PORT}\" > \"${SRCROOT}/../node_modules/react-native/scripts/.packager.env\"\nif [ -z \"${RCT_NO_LAUNCH_PACKAGER+xxx}\" ] ; then\n  if nc -w 5 -z localhost ${RCT_METRO_PORT} ; then\n    if ! curl -s \"http://localhost:${RCT_METRO_PORT}/status\" | grep -q \"packager-status:running\" ; then\n      echo \"Port ${RCT_METRO_PORT} already in use, packager is either not running or not running correctly\"\n      exit 2\n    fi\n  else\n    open \"$SRCROOT/../node_modules/react-native/scripts/launchPackager.command\" || echo \"Can't start packager automatically\"\n  fi\nfi\n";
			showEnvVarsInLog = 0;
		};
		FD10A7F122414F3F0027D42C /* Start Packager */ = {
			isa = PBXShellScriptBuildPhase;
			buildActionMask = 2147483647;
			files = (
			);
			inputFileListPaths = (
			);
			inputPaths = (
			);
			name = "Start Packager";
			outputFileListPaths = (
			);
			outputPaths = (
			);
			runOnlyForDeploymentPostprocessing = 0;
			shellPath = /bin/sh;
			shellScript = "export RCT_METRO_PORT=\"${RCT_METRO_PORT:=8081}\"\necho \"export RCT_METRO_PORT=${RCT_METRO_PORT}\" > \"${SRCROOT}/../node_modules/react-native/scripts/.packager.env\"\nif [ -z \"${RCT_NO_LAUNCH_PACKAGER+xxx}\" ] ; then\n  if nc -w 5 -z localhost ${RCT_METRO_PORT} ; then\n    if ! curl -s \"http://localhost:${RCT_METRO_PORT}/status\" | grep -q \"packager-status:running\" ; then\n      echo \"Port ${RCT_METRO_PORT} already in use, packager is either not running or not running correctly\"\n      exit 2\n    fi\n  else\n    open \"$SRCROOT/../node_modules/react-native/scripts/launchPackager.command\" || echo \"Can't start packager automatically\"\n  fi\nfi\n";
			showEnvVarsInLog = 0;
		};
/* End PBXShellScriptBuildPhase section */

/* Begin PBXSourcesBuildPhase section */
		00E356EA1AD99517003FC87E /* Sources */ = {
			isa = PBXSourcesBuildPhase;
			buildActionMask = 2147483647;
			files = (
				00E356F31AD99517003FC87E /* alexriliBasicTemplateTests.m in Sources */,
			);
			runOnlyForDeploymentPostprocessing = 0;
		};
		13B07F871A680F5B00A75B9A /* Sources */ = {
			isa = PBXSourcesBuildPhase;
			buildActionMask = 2147483647;
			files = (
				13B07FBC1A68108700A75B9A /* AppDelegate.m in Sources */,
				13B07FC11A68108700A75B9A /* main.m in Sources */,
			);
			runOnlyForDeploymentPostprocessing = 0;
		};
		2D02E4771E0B4A5D006451C7 /* Sources */ = {
			isa = PBXSourcesBuildPhase;
			buildActionMask = 2147483647;
			files = (
				2D02E4BF1E0B4AB3006451C7 /* main.m in Sources */,
				2D02E4BC1E0B4A80006451C7 /* AppDelegate.m in Sources */,
			);
			runOnlyForDeploymentPostprocessing = 0;
		};
		2D02E48C1E0B4A5D006451C7 /* Sources */ = {
			isa = PBXSourcesBuildPhase;
			buildActionMask = 2147483647;
			files = (
				2DCD954D1E0B4F2C00145EB5 /* alexriliBasicTemplateTests.m in Sources */,
			);
			runOnlyForDeploymentPostprocessing = 0;
		};
/* End PBXSourcesBuildPhase section */

/* Begin PBXTargetDependency section */
		00E356F51AD99517003FC87E /* PBXTargetDependency */ = {
			isa = PBXTargetDependency;
			target = 13B07F861A680F5B00A75B9A /* alexriliBasicTemplate */;
			targetProxy = 00E356F41AD99517003FC87E /* PBXContainerItemProxy */;
		};
		2D02E4921E0B4A5D006451C7 /* PBXTargetDependency */ = {
			isa = PBXTargetDependency;
			target = 2D02E47A1E0B4A5D006451C7 /* alexriliBasicTemplate-tvOS */;
			targetProxy = 2D02E4911E0B4A5D006451C7 /* PBXContainerItemProxy */;
		};
/* End PBXTargetDependency section */

/* Begin PBXVariantGroup section */
		13B07FB11A68108700A75B9A /* LaunchScreen.xib */ = {
			isa = PBXVariantGroup;
			children = (
				13B07FB21A68108700A75B9A /* Base */,
			);
			name = LaunchScreen.xib;
			path = alexriliBasicTemplate;
			sourceTree = "<group>";
		};
/* End PBXVariantGroup section */

/* Begin XCBuildConfiguration section */
		00E356F61AD99517003FC87E /* Debug */ = {
			isa = XCBuildConfiguration;
			baseConfigurationReference = BF9EE05C4731B9800DAB4781 /* Pods-alexriliBasicTemplateTests.debug.xcconfig */;
			buildSettings = {
				BUNDLE_LOADER = "$(TEST_HOST)";
				GCC_PREPROCESSOR_DEFINITIONS = (
					"DEBUG=1",
					"$(inherited)",
				);
				INFOPLIST_FILE = alexriliBasicTemplateTests/Info.plist;
				IPHONEOS_DEPLOYMENT_TARGET = 9.0;
				LD_RUNPATH_SEARCH_PATHS = "$(inherited) @executable_path/Frameworks @loader_path/Frameworks";
				OTHER_LDFLAGS = (
					"-ObjC",
					"-lc++",
					"$(inherited)",
				);
				PRODUCT_BUNDLE_IDENTIFIER = "org.reactjs.native.example.$(PRODUCT_NAME:rfc1034identifier)";
				PRODUCT_NAME = "$(TARGET_NAME)";
				TEST_HOST = "$(BUILT_PRODUCTS_DIR)/alexriliBasicTemplate.app/alexriliBasicTemplate";
			};
			name = Debug;
		};
		00E356F71AD99517003FC87E /* Release */ = {
			isa = XCBuildConfiguration;
			baseConfigurationReference = 82583CF5AD49A3D873E2F208 /* Pods-alexriliBasicTemplateTests.release.xcconfig */;
			buildSettings = {
				BUNDLE_LOADER = "$(TEST_HOST)";
				COPY_PHASE_STRIP = NO;
				INFOPLIST_FILE = alexriliBasicTemplateTests/Info.plist;
				IPHONEOS_DEPLOYMENT_TARGET = 9.0;
				LD_RUNPATH_SEARCH_PATHS = "$(inherited) @executable_path/Frameworks @loader_path/Frameworks";
				OTHER_LDFLAGS = (
					"-ObjC",
					"-lc++",
					"$(inherited)",
				);
				PRODUCT_BUNDLE_IDENTIFIER = "org.reactjs.native.example.$(PRODUCT_NAME:rfc1034identifier)";
				PRODUCT_NAME = "$(TARGET_NAME)";
				TEST_HOST = "$(BUILT_PRODUCTS_DIR)/alexriliBasicTemplate.app/alexriliBasicTemplate";
			};
			name = Release;
		};
		13B07F941A680F5B00A75B9A /* Debug */ = {
			isa = XCBuildConfiguration;
			baseConfigurationReference = CD25A3214F67664480F0712C /* Pods-alexriliBasicTemplate.debug.xcconfig */;
			buildSettings = {
				ASSETCATALOG_COMPILER_APPICON_NAME = AppIcon;
				CURRENT_PROJECT_VERSION = 1;
				DEAD_CODE_STRIPPING = NO;
				INFOPLIST_FILE = alexriliBasicTemplate/Info.plist;
				LD_RUNPATH_SEARCH_PATHS = "$(inherited) @executable_path/Frameworks";
				OTHER_LDFLAGS = (
					"$(inherited)",
					"-ObjC",
					"-lc++",
				);
				PRODUCT_BUNDLE_IDENTIFIER = "org.reactjs.native.example.$(PRODUCT_NAME:rfc1034identifier)";
				PRODUCT_NAME = alexriliBasicTemplate;
				VERSIONING_SYSTEM = "apple-generic";
			};
			name = Debug;
		};
		13B07F951A680F5B00A75B9A /* Release */ = {
			isa = XCBuildConfiguration;
			baseConfigurationReference = 1699D632DB8A7068E0E09746 /* Pods-alexriliBasicTemplate.release.xcconfig */;
			buildSettings = {
				ASSETCATALOG_COMPILER_APPICON_NAME = AppIcon;
				CURRENT_PROJECT_VERSION = 1;
				INFOPLIST_FILE = alexriliBasicTemplate/Info.plist;
				LD_RUNPATH_SEARCH_PATHS = "$(inherited) @executable_path/Frameworks";
				OTHER_LDFLAGS = (
					"$(inherited)",
					"-ObjC",
					"-lc++",
				);
				PRODUCT_BUNDLE_IDENTIFIER = "org.reactjs.native.example.$(PRODUCT_NAME:rfc1034identifier)";
				PRODUCT_NAME = alexriliBasicTemplate;
				VERSIONING_SYSTEM = "apple-generic";
			};
			name = Release;
		};
		2D02E4971E0B4A5E006451C7 /* Debug */ = {
			isa = XCBuildConfiguration;
			baseConfigurationReference = 18E79A2E1757151DAF637363 /* Pods-alexriliBasicTemplate-tvOS.debug.xcconfig */;
			buildSettings = {
				ASSETCATALOG_COMPILER_APPICON_NAME = "App Icon & Top Shelf Image";
				ASSETCATALOG_COMPILER_LAUNCHIMAGE_NAME = LaunchImage;
				CLANG_ANALYZER_NONNULL = YES;
				CLANG_WARN_DOCUMENTATION_COMMENTS = YES;
				CLANG_WARN_INFINITE_RECURSION = YES;
				CLANG_WARN_SUSPICIOUS_MOVE = YES;
				DEBUG_INFORMATION_FORMAT = dwarf;
				ENABLE_TESTABILITY = YES;
				GCC_NO_COMMON_BLOCKS = YES;
				INFOPLIST_FILE = "alexriliBasicTemplate-tvOS/Info.plist";
				LD_RUNPATH_SEARCH_PATHS = "$(inherited) @executable_path/Frameworks";
				OTHER_LDFLAGS = (
					"$(inherited)",
					"-ObjC",
					"-lc++",
				);
				PRODUCT_BUNDLE_IDENTIFIER = "com.facebook.REACT.alexriliBasicTemplate-tvOS";
				PRODUCT_NAME = "$(TARGET_NAME)";
				SDKROOT = appletvos;
				TARGETED_DEVICE_FAMILY = 3;
				TVOS_DEPLOYMENT_TARGET = 9.2;
			};
			name = Debug;
		};
		2D02E4981E0B4A5E006451C7 /* Release */ = {
			isa = XCBuildConfiguration;
			baseConfigurationReference = 26392C0DF0D8771F51BEB60C /* Pods-alexriliBasicTemplate-tvOS.release.xcconfig */;
			buildSettings = {
				ASSETCATALOG_COMPILER_APPICON_NAME = "App Icon & Top Shelf Image";
				ASSETCATALOG_COMPILER_LAUNCHIMAGE_NAME = LaunchImage;
				CLANG_ANALYZER_NONNULL = YES;
				CLANG_WARN_DOCUMENTATION_COMMENTS = YES;
				CLANG_WARN_INFINITE_RECURSION = YES;
				CLANG_WARN_SUSPICIOUS_MOVE = YES;
				COPY_PHASE_STRIP = NO;
				DEBUG_INFORMATION_FORMAT = "dwarf-with-dsym";
				GCC_NO_COMMON_BLOCKS = YES;
				INFOPLIST_FILE = "alexriliBasicTemplate-tvOS/Info.plist";
				LD_RUNPATH_SEARCH_PATHS = "$(inherited) @executable_path/Frameworks";
				OTHER_LDFLAGS = (
					"$(inherited)",
					"-ObjC",
					"-lc++",
				);
				PRODUCT_BUNDLE_IDENTIFIER = "com.facebook.REACT.alexriliBasicTemplate-tvOS";
				PRODUCT_NAME = "$(TARGET_NAME)";
				SDKROOT = appletvos;
				TARGETED_DEVICE_FAMILY = 3;
				TVOS_DEPLOYMENT_TARGET = 9.2;
			};
			name = Release;
		};
		2D02E4991E0B4A5E006451C7 /* Debug */ = {
			isa = XCBuildConfiguration;
			baseConfigurationReference = 879B095EBC061F71CD70280D /* Pods-alexriliBasicTemplate-tvOSTests.debug.xcconfig */;
			buildSettings = {
				BUNDLE_LOADER = "$(TEST_HOST)";
				CLANG_ANALYZER_NONNULL = YES;
				CLANG_WARN_DOCUMENTATION_COMMENTS = YES;
				CLANG_WARN_INFINITE_RECURSION = YES;
				CLANG_WARN_SUSPICIOUS_MOVE = YES;
				DEBUG_INFORMATION_FORMAT = dwarf;
				ENABLE_TESTABILITY = YES;
				GCC_NO_COMMON_BLOCKS = YES;
				INFOPLIST_FILE = "alexriliBasicTemplate-tvOSTests/Info.plist";
				LD_RUNPATH_SEARCH_PATHS = "$(inherited) @executable_path/Frameworks @loader_path/Frameworks";
				OTHER_LDFLAGS = (
					"$(inherited)",
					"-ObjC",
					"-lc++",
				);
				PRODUCT_BUNDLE_IDENTIFIER = "com.facebook.REACT.alexriliBasicTemplate-tvOSTests";
				PRODUCT_NAME = "$(TARGET_NAME)";
				SDKROOT = appletvos;
				TEST_HOST = "$(BUILT_PRODUCTS_DIR)/alexriliBasicTemplate-tvOS.app/alexriliBasicTemplate-tvOS";
				TVOS_DEPLOYMENT_TARGET = 10.1;
			};
			name = Debug;
		};
		2D02E49A1E0B4A5E006451C7 /* Release */ = {
			isa = XCBuildConfiguration;
			baseConfigurationReference = B95B8102F6818DB33CB60F97 /* Pods-alexriliBasicTemplate-tvOSTests.release.xcconfig */;
			buildSettings = {
				BUNDLE_LOADER = "$(TEST_HOST)";
				CLANG_ANALYZER_NONNULL = YES;
				CLANG_WARN_DOCUMENTATION_COMMENTS = YES;
				CLANG_WARN_INFINITE_RECURSION = YES;
				CLANG_WARN_SUSPICIOUS_MOVE = YES;
				COPY_PHASE_STRIP = NO;
				DEBUG_INFORMATION_FORMAT = "dwarf-with-dsym";
				GCC_NO_COMMON_BLOCKS = YES;
				INFOPLIST_FILE = "alexriliBasicTemplate-tvOSTests/Info.plist";
				LD_RUNPATH_SEARCH_PATHS = "$(inherited) @executable_path/Frameworks @loader_path/Frameworks";
				OTHER_LDFLAGS = (
					"$(inherited)",
					"-ObjC",
					"-lc++",
				);
				PRODUCT_BUNDLE_IDENTIFIER = "com.facebook.REACT.alexriliBasicTemplate-tvOSTests";
				PRODUCT_NAME = "$(TARGET_NAME)";
				SDKROOT = appletvos;
				TEST_HOST = "$(BUILT_PRODUCTS_DIR)/alexriliBasicTemplate-tvOS.app/alexriliBasicTemplate-tvOS";
				TVOS_DEPLOYMENT_TARGET = 10.1;
			};
			name = Release;
		};
		83CBBA201A601CBA00E9B192 /* Debug */ = {
			isa = XCBuildConfiguration;
			buildSettings = {
				ALWAYS_SEARCH_USER_PATHS = NO;
				CLANG_CXX_LANGUAGE_STANDARD = "gnu++0x";
				CLANG_CXX_LIBRARY = "libc++";
				CLANG_ENABLE_MODULES = YES;
				CLANG_ENABLE_OBJC_ARC = YES;
				CLANG_WARN_BLOCK_CAPTURE_AUTORELEASING = YES;
				CLANG_WARN_BOOL_CONVERSION = YES;
				CLANG_WARN_COMMA = YES;
				CLANG_WARN_CONSTANT_CONVERSION = YES;
				CLANG_WARN_DEPRECATED_OBJC_IMPLEMENTATIONS = YES;
				CLANG_WARN_DIRECT_OBJC_ISA_USAGE = YES_ERROR;
				CLANG_WARN_EMPTY_BODY = YES;
				CLANG_WARN_ENUM_CONVERSION = YES;
				CLANG_WARN_INFINITE_RECURSION = YES;
				CLANG_WARN_INT_CONVERSION = YES;
				CLANG_WARN_NON_LITERAL_NULL_CONVERSION = YES;
				CLANG_WARN_OBJC_IMPLICIT_RETAIN_SELF = YES;
				CLANG_WARN_OBJC_LITERAL_CONVERSION = YES;
				CLANG_WARN_OBJC_ROOT_CLASS = YES_ERROR;
				CLANG_WARN_RANGE_LOOP_ANALYSIS = YES;
				CLANG_WARN_STRICT_PROTOTYPES = YES;
				CLANG_WARN_SUSPICIOUS_MOVE = YES;
				CLANG_WARN_UNREACHABLE_CODE = YES;
				CLANG_WARN__DUPLICATE_METHOD_MATCH = YES;
				"CODE_SIGN_IDENTITY[sdk=iphoneos*]" = "iPhone Developer";
				COPY_PHASE_STRIP = NO;
				ENABLE_STRICT_OBJC_MSGSEND = YES;
				ENABLE_TESTABILITY = YES;
				GCC_C_LANGUAGE_STANDARD = gnu99;
				GCC_DYNAMIC_NO_PIC = NO;
				GCC_NO_COMMON_BLOCKS = YES;
				GCC_OPTIMIZATION_LEVEL = 0;
				GCC_PREPROCESSOR_DEFINITIONS = (
					"DEBUG=1",
					"$(inherited)",
				);
				GCC_SYMBOLS_PRIVATE_EXTERN = NO;
				GCC_WARN_64_TO_32_BIT_CONVERSION = YES;
				GCC_WARN_ABOUT_RETURN_TYPE = YES_ERROR;
				GCC_WARN_UNDECLARED_SELECTOR = YES;
				GCC_WARN_UNINITIALIZED_AUTOS = YES_AGGRESSIVE;
				GCC_WARN_UNUSED_FUNCTION = YES;
				GCC_WARN_UNUSED_VARIABLE = YES;
				IPHONEOS_DEPLOYMENT_TARGET = 9.0;
				MTL_ENABLE_DEBUG_INFO = YES;
				ONLY_ACTIVE_ARCH = YES;
				SDKROOT = iphoneos;
			};
			name = Debug;
		};
		83CBBA211A601CBA00E9B192 /* Release */ = {
			isa = XCBuildConfiguration;
			buildSettings = {
				ALWAYS_SEARCH_USER_PATHS = NO;
				CLANG_CXX_LANGUAGE_STANDARD = "gnu++0x";
				CLANG_CXX_LIBRARY = "libc++";
				CLANG_ENABLE_MODULES = YES;
				CLANG_ENABLE_OBJC_ARC = YES;
				CLANG_WARN_BLOCK_CAPTURE_AUTORELEASING = YES;
				CLANG_WARN_BOOL_CONVERSION = YES;
				CLANG_WARN_COMMA = YES;
				CLANG_WARN_CONSTANT_CONVERSION = YES;
				CLANG_WARN_DEPRECATED_OBJC_IMPLEMENTATIONS = YES;
				CLANG_WARN_DIRECT_OBJC_ISA_USAGE = YES_ERROR;
				CLANG_WARN_EMPTY_BODY = YES;
				CLANG_WARN_ENUM_CONVERSION = YES;
				CLANG_WARN_INFINITE_RECURSION = YES;
				CLANG_WARN_INT_CONVERSION = YES;
				CLANG_WARN_NON_LITERAL_NULL_CONVERSION = YES;
				CLANG_WARN_OBJC_IMPLICIT_RETAIN_SELF = YES;
				CLANG_WARN_OBJC_LITERAL_CONVERSION = YES;
				CLANG_WARN_OBJC_ROOT_CLASS = YES_ERROR;
				CLANG_WARN_RANGE_LOOP_ANALYSIS = YES;
				CLANG_WARN_STRICT_PROTOTYPES = YES;
				CLANG_WARN_SUSPICIOUS_MOVE = YES;
				CLANG_WARN_UNREACHABLE_CODE = YES;
				CLANG_WARN__DUPLICATE_METHOD_MATCH = YES;
				"CODE_SIGN_IDENTITY[sdk=iphoneos*]" = "iPhone Developer";
				COPY_PHASE_STRIP = YES;
				ENABLE_NS_ASSERTIONS = NO;
				ENABLE_STRICT_OBJC_MSGSEND = YES;
				GCC_C_LANGUAGE_STANDARD = gnu99;
				GCC_NO_COMMON_BLOCKS = YES;
				GCC_WARN_64_TO_32_BIT_CONVERSION = YES;
				GCC_WARN_ABOUT_RETURN_TYPE = YES_ERROR;
				GCC_WARN_UNDECLARED_SELECTOR = YES;
				GCC_WARN_UNINITIALIZED_AUTOS = YES_AGGRESSIVE;
				GCC_WARN_UNUSED_FUNCTION = YES;
				GCC_WARN_UNUSED_VARIABLE = YES;
				IPHONEOS_DEPLOYMENT_TARGET = 9.0;
				MTL_ENABLE_DEBUG_INFO = NO;
				SDKROOT = iphoneos;
				VALIDATE_PRODUCT = YES;
			};
			name = Release;
		};
/* End XCBuildConfiguration section */

/* Begin XCConfigurationList section */
		00E357021AD99517003FC87E /* Build configuration list for PBXNativeTarget "alexriliBasicTemplateTests" */ = {
			isa = XCConfigurationList;
			buildConfigurations = (
				00E356F61AD99517003FC87E /* Debug */,
				00E356F71AD99517003FC87E /* Release */,
			);
			defaultConfigurationIsVisible = 0;
			defaultConfigurationName = Release;
		};
		13B07F931A680F5B00A75B9A /* Build configuration list for PBXNativeTarget "alexriliBasicTemplate" */ = {
			isa = XCConfigurationList;
			buildConfigurations = (
				13B07F941A680F5B00A75B9A /* Debug */,
				13B07F951A680F5B00A75B9A /* Release */,
			);
			defaultConfigurationIsVisible = 0;
			defaultConfigurationName = Release;
		};
		2D02E4BA1E0B4A5E006451C7 /* Build configuration list for PBXNativeTarget "alexriliBasicTemplate-tvOS" */ = {
			isa = XCConfigurationList;
			buildConfigurations = (
				2D02E4971E0B4A5E006451C7 /* Debug */,
				2D02E4981E0B4A5E006451C7 /* Release */,
			);
			defaultConfigurationIsVisible = 0;
			defaultConfigurationName = Release;
		};
		2D02E4BB1E0B4A5E006451C7 /* Build configuration list for PBXNativeTarget "alexriliBasicTemplate-tvOSTests" */ = {
			isa = XCConfigurationList;
			buildConfigurations = (
				2D02E4991E0B4A5E006451C7 /* Debug */,
				2D02E49A1E0B4A5E006451C7 /* Release */,
			);
			defaultConfigurationIsVisible = 0;
			defaultConfigurationName = Release;
		};
		83CBB9FA1A601CBA00E9B192 /* Build configuration list for PBXProject "alexriliBasicTemplate" */ = {
			isa = XCConfigurationList;
			buildConfigurations = (
				83CBBA201A601CBA00E9B192 /* Debug */,
				83CBBA211A601CBA00E9B192 /* Release */,
			);
			defaultConfigurationIsVisible = 0;
			defaultConfigurationName = Release;
		};
/* End XCConfigurationList section */
	};
	rootObject = 83CBB9F71A601CBA00E9B192 /* Project object */;
}
